
Microsoft Visual Studio Solution File, Format Version 12.00
# Visual Studio Version 17
VisualStudioVersion = 17.0.31903.59
MinimumVisualStudioVersion = 10.0.40219.1
Project("{2150E333-8FDC-42A3-9474-1A3956D46DE8}") = "src", "src", "{827E0CD3-B72D-47B6-A68D-7590B98EB39B}"
EndProject
Project("{FAE04EC0-301F-11D3-BF4B-00C04F79EFBC}") = "Chargeback.SharedKernel", "src\Chargeback.SharedKernel\Chargeback.SharedKernel.csproj", "{C0C4125C-88DB-42F4-A0E4-7DD99B59D9E6}"
EndProject
Project("{FAE04EC0-301F-11D3-BF4B-00C04F79EFBC}") = "Chargeback.Infrastructure", "src\Chargeback.Infrastructure\Chargeback.Infrastructure.csproj", "{A899E27B-8578-4AB6-90FC-621B7FDFB93D}"
EndProject
Project("{FAE04EC0-301F-11D3-BF4B-00C04F79EFBC}") = "Chargeback.Api", "src\Chargeback.Api\Chargeback.Api.csproj", "{3493BCAD-5A3A-47DD-84ED-4204D2218972}"
EndProject
Project("{2150E333-8FDC-42A3-9474-1A3956D46DE8}") = "tests", "tests", "{0AB3BF05-4346-4AA6-1389-037BE0695223}"
EndProject
Project("{FAE04EC0-301F-11D3-BF4B-00C04F79EFBC}") = "Chargeback.TestSupport", "tests\Chargeback.TestSupport\Chargeback.TestSupport.csproj", "{04F59B53-C851-4B14-97E6-CE905C0D3D3E}"
EndProject
Project("{FAE04EC0-301F-11D3-BF4B-00C04F79EFBC}") = "Chargeback.UnitTests", "tests\Chargeback.UnitTests\Chargeback.UnitTests.csproj", "{713C94A9-48C8-4913-996A-E03729E11829}"
EndProject
Project("{FAE04EC0-301F-11D3-BF4B-00C04F79EFBC}") = "Chargeback.ArchitectureTests", "tests\Chargeback.ArchitectureTests\Chargeback.ArchitectureTests.csproj", "{2EE93DA8-2855-40C8-A323-79D5724509DD}"
EndProject
Project("{FAE04EC0-301F-11D3-BF4B-00C04F79EFBC}") = "Chargeback.ContractTests", "tests\Chargeback.ContractTests\Chargeback.ContractTests.csproj", "{ADB9E4F5-B9F7-43C8-B4A3-5B6AA037CC57}"
EndProject
Project("{FAE04EC0-301F-11D3-BF4B-00C04F79EFBC}") = "Chargeback.IntegrationTests", "tests\Chargeback.IntegrationTests\Chargeback.IntegrationTests.csproj", "{CFBF911A-5CCF-4B0B-B0CC-D533D3EC733D}"
EndProject
Global
	GlobalSection(SolutionConfigurationPlatforms) = preSolution
		Debug|Any CPU = Debug|Any CPU
		Debug|x64 = Debug|x64
		Debug|x86 = Debug|x86
		Release|Any CPU = Release|Any CPU
		Release|x64 = Release|x64
		Release|x86 = Release|x86
	EndGlobalSection
	GlobalSection(ProjectConfigurationPlatforms) = postSolution
		{C0C4125C-88DB-42F4-A0E4-7DD99B59D9E6}.Debug|Any CPU.ActiveCfg = Debug|Any CPU
		{C0C4125C-88DB-42F4-A0E4-7DD99B59D9E6}.Debug|Any CPU.Build.0 = Debug|Any CPU
		{C0C4125C-88DB-42F4-A0E4-7DD99B59D9E6}.Debug|x64.ActiveCfg = Debug|Any CPU
		{C0C4125C-88DB-42F4-A0E4-7DD99B59D9E6}.Debug|x64.Build.0 = Debug|Any CPU
		{C0C4125C-88DB-42F4-A0E4-7DD99B59D9E6}.Debug|x86.ActiveCfg = Debug|Any CPU
		{C0C4125C-88DB-42F4-A0E4-7DD99B59D9E6}.Debug|x86.Build.0 = Debug|Any CPU
		{C0C4125C-88DB-42F4-A0E4-7DD99B59D9E6}.Release|Any CPU.ActiveCfg = Release|Any CPU
		{C0C4125C-88DB-42F4-A0E4-7DD99B59D9E6}.Release|Any CPU.Build.0 = Release|Any CPU
		{C0C4125C-88DB-42F4-A0E4-7DD99B59D9E6}.Release|x64.ActiveCfg = Release|Any CPU
		{C0C4125C-88DB-42F4-A0E4-7DD99B59D9E6}.Release|x64.Build.0 = Release|Any CPU
		{C0C4125C-88DB-42F4-A0E4-7DD99B59D9E6}.Release|x86.ActiveCfg = Release|Any CPU
		{C0C4125C-88DB-42F4-A0E4-7DD99B59D9E6}.Release|x86.Build.0 = Release|Any CPU
		{A899E27B-8578-4AB6-90FC-621B7FDFB93D}.Debug|Any CPU.ActiveCfg = Debug|Any CPU
		{A899E27B-8578-4AB6-90FC-621B7FDFB93D}.Debug|Any CPU.Build.0 = Debug|Any CPU
		{A899E27B-8578-4AB6-90FC-621B7FDFB93D}.Debug|x64.ActiveCfg = Debug|Any CPU
		{A899E27B-8578-4AB6-90FC-621B7FDFB93D}.Debug|x64.Build.0 = Debug|Any CPU
		{A899E27B-8578-4AB6-90FC-621B7FDFB93D}.Debug|x86.ActiveCfg = Debug|Any CPU
		{A899E27B-8578-4AB6-90FC-621B7FDFB93D}.Debug|x86.Build.0 = Debug|Any CPU
		{A899E27B-8578-4AB6-90FC-621B7FDFB93D}.Release|Any CPU.ActiveCfg = Release|Any CPU
		{A899E27B-8578-4AB6-90FC-621B7FDFB93D}.Release|Any CPU.Build.0 = Release|Any CPU
		{A899E27B-8578-4AB6-90FC-621B7FDFB93D}.Release|x64.ActiveCfg = Release|Any CPU
		{A899E27B-8578-4AB6-90FC-621B7FDFB93D}.Release|x64.Build.0 = Release|Any CPU
		{A899E27B-8578-4AB6-90FC-621B7FDFB93D}.Release|x86.ActiveCfg = Release|Any CPU
		{A899E27B-8578-4AB6-90FC-621B7FDFB93D}.Release|x86.Build.0 = Release|Any CPU
		{3493BCAD-5A3A-47DD-84ED-4204D2218972}.Debug|Any CPU.ActiveCfg = Debug|Any CPU
		{3493BCAD-5A3A-47DD-84ED-4204D2218972}.Debug|Any CPU.Build.0 = Debug|Any CPU
		{3493BCAD-5A3A-47DD-84ED-4204D2218972}.Debug|x64.ActiveCfg = Debug|Any CPU
		{3493BCAD-5A3A-47DD-84ED-4204D2218972}.Debug|x64.Build.0 = Debug|Any CPU
		{3493BCAD-5A3A-47DD-84ED-4204D2218972}.Debug|x86.ActiveCfg = Debug|Any CPU
		{3493BCAD-5A3A-47DD-84ED-4204D2218972}.Debug|x86.Build.0 = Debug|Any CPU
		{3493BCAD-5A3A-47DD-84ED-4204D2218972}.Release|Any CPU.ActiveCfg = Release|Any CPU
		{3493BCAD-5A3A-47DD-84ED-4204D2218972}.Release|Any CPU.Build.0 = Release|Any CPU
		{3493BCAD-5A3A-47DD-84ED-4204D2218972}.Release|x64.ActiveCfg = Release|Any CPU
		{3493BCAD-5A3A-47DD-84ED-4204D2218972}.Release|x64.Build.0 = Release|Any CPU
		{3493BCAD-5A3A-47DD-84ED-4204D2218972}.Release|x86.ActiveCfg = Release|Any CPU
		{3493BCAD-5A3A-47DD-84ED-4204D2218972}.Release|x86.Build.0 = Release|Any CPU
		{04F59B53-C851-4B14-97E6-CE905C0D3D3E}.Debug|Any CPU.ActiveCfg = Debug|Any CPU
		{04F59B53-C851-4B14-97E6-CE905C0D3D3E}.Debug|Any CPU.Build.0 = Debug|Any CPU
		{04F59B53-C851-4B14-97E6-CE905C0D3D3E}.Debug|x64.ActiveCfg = Debug|Any CPU
		{04F59B53-C851-4B14-97E6-CE905C0D3D3E}.Debug|x64.Build.0 = Debug|Any CPU
		{04F59B53-C851-4B14-97E6-CE905C0D3D3E}.Debug|x86.ActiveCfg = Debug|Any CPU
		{04F59B53-C851-4B14-97E6-CE905C0D3D3E}.Debug|x86.Build.0 = Debug|Any CPU
		{04F59B53-C851-4B14-97E6-CE905C0D3D3E}.Release|Any CPU.ActiveCfg = Release|Any CPU
		{04F59B53-C851-4B14-97E6-CE905C0D3D3E}.Release|Any CPU.Build.0 = Release|Any CPU
		{04F59B53-C851-4B14-97E6-CE905C0D3D3E}.Release|x64.ActiveCfg = Release|Any CPU
		{04F59B53-C851-4B14-97E6-CE905C0D3D3E}.Release|x64.Build.0 = Release|Any CPU
		{04F59B53-C851-4B14-97E6-CE905C0D3D3E}.Release|x86.ActiveCfg = Release|Any CPU
		{04F59B53-C851-4B14-97E6-CE905C0D3D3E}.Release|x86.Build.0 = Release|Any CPU
		{713C94A9-48C8-4913-996A-E03729E11829}.Debug|Any CPU.ActiveCfg = Debug|Any CPU
		{713C94A9-48C8-4913-996A-E03729E11829}.Debug|Any CPU.Build.0 = Debug|Any CPU
		{713C94A9-48C8-4913-996A-E03729E11829}.Debug|x64.ActiveCfg = Debug|Any CPU
		{713C94A9-48C8-4913-996A-E03729E11829}.Debug|x64.Build.0 = Debug|Any CPU
		{713C94A9-48C8-4913-996A-E03729E11829}.Debug|x86.ActiveCfg = Debug|Any CPU
		{713C94A9-48C8-4913-996A-E03729E11829}.Debug|x86.Build.0 = Debug|Any CPU
		{713C94A9-48C8-4913-996A-E03729E11829}.Release|Any CPU.ActiveCfg = Release|Any CPU
		{713C94A9-48C8-4913-996A-E03729E11829}.Release|Any CPU.Build.0 = Release|Any CPU
		{713C94A9-48C8-4913-996A-E03729E11829}.Release|x64.ActiveCfg = Release|Any CPU
		{713C94A9-48C8-4913-996A-E03729E11829}.Release|x64.Build.0 = Release|Any CPU
		{713C94A9-48C8-4913-996A-E03729E11829}.Release|x86.ActiveCfg = Release|Any CPU
		{713C94A9-48C8-4913-996A-E03729E11829}.Release|x86.Build.0 = Release|Any CPU
		{2EE93DA8-2855-40C8-A323-79D5724509DD}.Debug|Any CPU.ActiveCfg = Debug|Any CPU
		{2EE93DA8-2855-40C8-A323-79D5724509DD}.Debug|Any CPU.Build.0 = Debug|Any CPU
		{2EE93DA8-2855-40C8-A323-79D5724509DD}.Debug|x64.ActiveCfg = Debug|Any CPU
		{2EE93DA8-2855-40C8-A323-79D5724509DD}.Debug|x64.Build.0 = Debug|Any CPU
		{2EE93DA8-2855-40C8-A323-79D5724509DD}.Debug|x86.ActiveCfg = Debug|Any CPU
		{2EE93DA8-2855-40C8-A323-79D5724509DD}.Debug|x86.Build.0 = Debug|Any CPU
		{2EE93DA8-2855-40C8-A323-79D5724509DD}.Release|Any CPU.ActiveCfg = Release|Any CPU
		{2EE93DA8-2855-40C8-A323-79D5724509DD}.Release|Any CPU.Build.0 = Release|Any CPU
		{2EE93DA8-2855-40C8-A323-79D5724509DD}.Release|x64.ActiveCfg = Release|Any CPU
		{2EE93DA8-2855-40C8-A323-79D5724509DD}.Release|x64.Build.0 = Release|Any CPU
		{2EE93DA8-2855-40C8-A323-79D5724509DD}.Release|x86.ActiveCfg = Release|Any CPU
		{2EE93DA8-2855-40C8-A323-79D5724509DD}.Release|x86.Build.0 = Release|Any CPU
		{ADB9E4F5-B9F7-43C8-B4A3-5B6AA037CC57}.Debug|Any CPU.ActiveCfg = Debug|Any CPU
		{ADB9E4F5-B9F7-43C8-B4A3-5B6AA037CC57}.Debug|Any CPU.Build.0 = Debug|Any CPU
		{ADB9E4F5-B9F7-43C8-B4A3-5B6AA037CC57}.Debug|x64.ActiveCfg = Debug|Any CPU
		{ADB9E4F5-B9F7-43C8-B4A3-5B6AA037CC57}.Debug|x64.Build.0 = Debug|Any CPU
		{ADB9E4F5-B9F7-43C8-B4A3-5B6AA037CC57}.Debug|x86.ActiveCfg = Debug|Any CPU
		{ADB9E4F5-B9F7-43C8-B4A3-5B6AA037CC57}.Debug|x86.Build.0 = Debug|Any CPU
		{ADB9E4F5-B9F7-43C8-B4A3-5B6AA037CC57}.Release|Any CPU.ActiveCfg = Release|Any CPU
		{ADB9E4F5-B9F7-43C8-B4A3-5B6AA037CC57}.Release|Any CPU.Build.0 = Release|Any CPU
		{ADB9E4F5-B9F7-43C8-B4A3-5B6AA037CC57}.Release|x64.ActiveCfg = Release|Any CPU
		{ADB9E4F5-B9F7-43C8-B4A3-5B6AA037CC57}.Release|x64.Build.0 = Release|Any CPU
		{ADB9E4F5-B9F7-43C8-B4A3-5B6AA037CC57}.Release|x86.ActiveCfg = Release|Any CPU
		{ADB9E4F5-B9F7-43C8-B4A3-5B6AA037CC57}.Release|x86.Build.0 = Release|Any CPU
		{CFBF911A-5CCF-4B0B-B0CC-D533D3EC733D}.Debug|Any CPU.ActiveCfg = Debug|Any CPU
		{CFBF911A-5CCF-4B0B-B0CC-D533D3EC733D}.Debug|Any CPU.Build.0 = Debug|Any CPU
		{CFBF911A-5CCF-4B0B-B0CC-D533D3EC733D}.Debug|x64.ActiveCfg = Debug|Any CPU
		{CFBF911A-5CCF-4B0B-B0CC-D533D3EC733D}.Debug|x64.Build.0 = Debug|Any CPU
		{CFBF911A-5CCF-4B0B-B0CC-D533D3EC733D}.Debug|x86.ActiveCfg = Debug|Any CPU
		{CFBF911A-5CCF-4B0B-B0CC-D533D3EC733D}.Debug|x86.Build.0 = Debug|Any CPU
		{CFBF911A-5CCF-4B0B-B0CC-D533D3EC733D}.Release|Any CPU.ActiveCfg = Release|Any CPU
		{CFBF911A-5CCF-4B0B-B0CC-D533D3EC733D}.Release|Any CPU.Build.0 = Release|Any CPU
		{CFBF911A-5CCF-4B0B-B0CC-D533D3EC733D}.Release|x64.ActiveCfg = Release|Any CPU
		{CFBF911A-5CCF-4B0B-B0CC-D533D3EC733D}.Release|x64.Build.0 = Release|Any CPU
		{CFBF911A-5CCF-4B0B-B0CC-D533D3EC733D}.Release|x86.ActiveCfg = Release|Any CPU
		{CFBF911A-5CCF-4B0B-B0CC-D533D3EC733D}.Release|x86.Build.0 = Release|Any CPU
	EndGlobalSection
	GlobalSection(SolutionProperties) = preSolution
		HideSolutionNode = FALSE
	EndGlobalSection
	GlobalSection(NestedProjects) = preSolution
		{C0C4125C-88DB-42F4-A0E4-7DD99B59D9E6} = {827E0CD3-B72D-47B6-A68D-7590B98EB39B}
		{A899E27B-8578-4AB6-90FC-621B7FDFB93D} = {827E0CD3-B72D-47B6-A68D-7590B98EB39B}
		{3493BCAD-5A3A-47DD-84ED-4204D2218972} = {827E0CD3-B72D-47B6-A68D-7590B98EB39B}
		{04F59B53-C851-4B14-97E6-CE905C0D3D3E} = {0AB3BF05-4346-4AA6-1389-037BE0695223}
		{713C94A9-48C8-4913-996A-E03729E11829} = {0AB3BF05-4346-4AA6-1389-037BE0695223}
		{2EE93DA8-2855-40C8-A323-79D5724509DD} = {0AB3BF05-4346-4AA6-1389-037BE0695223}
		{ADB9E4F5-B9F7-43C8-B4A3-5B6AA037CC57} = {0AB3BF05-4346-4AA6-1389-037BE0695223}
		{CFBF911A-5CCF-4B0B-B0CC-D533D3EC733D} = {0AB3BF05-4346-4AA6-1389-037BE0695223}
	EndGlobalSection
EndGlobal
